
Microsoft Visual Studio Solution File, Format Version 12.00
# Visual Studio Version 16
VisualStudioVersion = 16.0.29926.136
MinimumVisualStudioVersion = 10.0.40219.1
Project("{9A19103F-16F7-4668-BE54-9A1E7A4F7556}") = "TolltechCore", "TolltechCore\TolltechCore.csproj", "{62AC4E27-DCFF-4617-89FE-CE9120F22AD8}"
EndProject
Project("{9A19103F-16F7-4668-BE54-9A1E7A4F7556}") = "MuserUI", "MuserUI\MuserUI.csproj", "{DF282EFA-A4FB-4CB0-BD58-BDF59D667F1E}"
EndProject
Project("{9A19103F-16F7-4668-BE54-9A1E7A4F7556}") = "PostgreEF", "PostgreEF\PostgreEF.csproj", "{AD84274C-F555-4710-8954-8467853C8D99}"
EndProject
Project("{9A19103F-16F7-4668-BE54-9A1E7A4F7556}") = "SqlEF", "SqlEF\SqlEF.csproj", "{00B4E7EF-C397-4FA2-82B2-CB047B539809}"
EndProject
Project("{9A19103F-16F7-4668-BE54-9A1E7A4F7556}") = "Serialization", "Serialization\Serialization.csproj", "{4B8A6BBF-5C49-4CA3-853F-FDA34389EB6A}"
EndProject
Project("{FAE04EC0-301F-11D3-BF4B-00C04F79EFBC}") = "Muser", "TollMuser\Muser.csproj", "{C2C5AD0C-09DB-42E0-80EB-11D3A0F7295D}"
EndProject
Project("{FAE04EC0-301F-11D3-BF4B-00C04F79EFBC}") = "YandexClient", "YandexClient\YandexClient.csproj", "{FED20C59-A260-4B06-A701-3CCB2B01920A}"
EndProject
Project("{FAE04EC0-301F-11D3-BF4B-00C04F79EFBC}") = "TestsNetCore", "TestsNetCore\TestsNetCore.csproj", "{671EFF2F-1AF5-4DC6-A355-C7CFC02B6078}"
EndProject
Project("{FAE04EC0-301F-11D3-BF4B-00C04F79EFBC}") = "SpotifyClient", "SpotifyClient\SpotifyClient.csproj", "{DBDB018A-ACE7-4942-A09C-220CA7AF26C6}"
EndProject
Project("{FAE04EC0-301F-11D3-BF4B-00C04F79EFBC}") = "MusicClientCore", "MusicClientCore\MusicClientCore.csproj", "{4DFF0A6F-2200-4426-9B20-C6E06485274E}"
EndProject
Global
	GlobalSection(SolutionConfigurationPlatforms) = preSolution
		Debug|Any CPU = Debug|Any CPU
		Release|Any CPU = Release|Any CPU
	EndGlobalSection
	GlobalSection(ProjectConfigurationPlatforms) = postSolution
		{62AC4E27-DCFF-4617-89FE-CE9120F22AD8}.Debug|Any CPU.ActiveCfg = Debug|Any CPU
		{62AC4E27-DCFF-4617-89FE-CE9120F22AD8}.Debug|Any CPU.Build.0 = Debug|Any CPU
		{62AC4E27-DCFF-4617-89FE-CE9120F22AD8}.Release|Any CPU.ActiveCfg = Release|Any CPU
		{62AC4E27-DCFF-4617-89FE-CE9120F22AD8}.Release|Any CPU.Build.0 = Release|Any CPU
		{DF282EFA-A4FB-4CB0-BD58-BDF59D667F1E}.Debug|Any CPU.ActiveCfg = Debug|Any CPU
		{DF282EFA-A4FB-4CB0-BD58-BDF59D667F1E}.Debug|Any CPU.Build.0 = Debug|Any CPU
		{DF282EFA-A4FB-4CB0-BD58-BDF59D667F1E}.Release|Any CPU.ActiveCfg = Release|Any CPU
		{DF282EFA-A4FB-4CB0-BD58-BDF59D667F1E}.Release|Any CPU.Build.0 = Release|Any CPU
		{AD84274C-F555-4710-8954-8467853C8D99}.Debug|Any CPU.ActiveCfg = Debug|Any CPU
		{AD84274C-F555-4710-8954-8467853C8D99}.Debug|Any CPU.Build.0 = Debug|Any CPU
		{AD84274C-F555-4710-8954-8467853C8D99}.Release|Any CPU.ActiveCfg = Release|Any CPU
		{AD84274C-F555-4710-8954-8467853C8D99}.Release|Any CPU.Build.0 = Release|Any CPU
		{00B4E7EF-C397-4FA2-82B2-CB047B539809}.Debug|Any CPU.ActiveCfg = Debug|Any CPU
		{00B4E7EF-C397-4FA2-82B2-CB047B539809}.Debug|Any CPU.Build.0 = Debug|Any CPU
		{00B4E7EF-C397-4FA2-82B2-CB047B539809}.Release|Any CPU.ActiveCfg = Release|Any CPU
		{00B4E7EF-C397-4FA2-82B2-CB047B539809}.Release|Any CPU.Build.0 = Release|Any CPU
		{4B8A6BBF-5C49-4CA3-853F-FDA34389EB6A}.Debug|Any CPU.ActiveCfg = Debug|Any CPU
		{4B8A6BBF-5C49-4CA3-853F-FDA34389EB6A}.Debug|Any CPU.Build.0 = Debug|Any CPU
		{4B8A6BBF-5C49-4CA3-853F-FDA34389EB6A}.Release|Any CPU.ActiveCfg = Release|Any CPU
		{4B8A6BBF-5C49-4CA3-853F-FDA34389EB6A}.Release|Any CPU.Build.0 = Release|Any CPU
		{C2C5AD0C-09DB-42E0-80EB-11D3A0F7295D}.Debug|Any CPU.ActiveCfg = Debug|Any CPU
		{C2C5AD0C-09DB-42E0-80EB-11D3A0F7295D}.Debug|Any CPU.Build.0 = Debug|Any CPU
		{C2C5AD0C-09DB-42E0-80EB-11D3A0F7295D}.Release|Any CPU.ActiveCfg = Release|Any CPU
		{C2C5AD0C-09DB-42E0-80EB-11D3A0F7295D}.Release|Any CPU.Build.0 = Release|Any CPU
		{FED20C59-A260-4B06-A701-3CCB2B01920A}.Debug|Any CPU.ActiveCfg = Debug|Any CPU
		{FED20C59-A260-4B06-A701-3CCB2B01920A}.Debug|Any CPU.Build.0 = Debug|Any CPU
		{FED20C59-A260-4B06-A701-3CCB2B01920A}.Release|Any CPU.ActiveCfg = Release|Any CPU
		{FED20C59-A260-4B06-A701-3CCB2B01920A}.Release|Any CPU.Build.0 = Release|Any CPU
		{671EFF2F-1AF5-4DC6-A355-C7CFC02B6078}.Debug|Any CPU.ActiveCfg = Debug|Any CPU
		{671EFF2F-1AF5-4DC6-A355-C7CFC02B6078}.Debug|Any CPU.Build.0 = Debug|Any CPU
		{671EFF2F-1AF5-4DC6-A355-C7CFC02B6078}.Release|Any CPU.ActiveCfg = Release|Any CPU
		{671EFF2F-1AF5-4DC6-A355-C7CFC02B6078}.Release|Any CPU.Build.0 = Release|Any CPU
		{DBDB018A-ACE7-4942-A09C-220CA7AF26C6}.Debug|Any CPU.ActiveCfg = Debug|Any CPU
		{DBDB018A-ACE7-4942-A09C-220CA7AF26C6}.Debug|Any CPU.Build.0 = Debug|Any CPU
		{DBDB018A-ACE7-4942-A09C-220CA7AF26C6}.Release|Any CPU.ActiveCfg = Release|Any CPU
		{DBDB018A-ACE7-4942-A09C-220CA7AF26C6}.Release|Any CPU.Build.0 = Release|Any CPU
		{4DFF0A6F-2200-4426-9B20-C6E06485274E}.Debug|Any CPU.ActiveCfg = Debug|Any CPU
		{4DFF0A6F-2200-4426-9B20-C6E06485274E}.Debug|Any CPU.Build.0 = Debug|Any CPU
		{4DFF0A6F-2200-4426-9B20-C6E06485274E}.Release|Any CPU.ActiveCfg = Release|Any CPU
		{4DFF0A6F-2200-4426-9B20-C6E06485274E}.Release|Any CPU.Build.0 = Release|Any CPU
	EndGlobalSection
	GlobalSection(SolutionProperties) = preSolution
		HideSolutionNode = FALSE
	EndGlobalSection
	GlobalSection(ExtensibilityGlobals) = postSolution
		SolutionGuid = {A4728CCB-60C1-4A54-962A-151538C1D884}
	EndGlobalSection
EndGlobal
